
Microsoft Visual Studio Solution File, Format Version 12.00
# Visual Studio Version 17
VisualStudioVersion = 17.8.34330.188
MinimumVisualStudioVersion = 10.0.40219.1
Project("{FAE04EC0-301F-11D3-BF4B-00C04F79EFBC}") = "API", "API.csproj", "{39BD78FA-43B2-4C8B-88A9-C0A185CE378C}"
EndProject
Global
	GlobalSection(SolutionConfigurationPlatforms) = preSolution
		Debug|Any CPU = Debug|Any CPU
		Release|Any CPU = Release|Any CPU
	EndGlobalSection
	GlobalSection(ProjectConfigurationPlatforms) = postSolution
		{39BD78FA-43B2-4C8B-88A9-C0A185CE378C}.Debug|Any CPU.ActiveCfg = Debug|Any CPU
		{39BD78FA-43B2-4C8B-88A9-C0A185CE378C}.Debug|Any CPU.Build.0 = Debug|Any CPU
		{39BD78FA-43B2-4C8B-88A9-C0A185CE378C}.Release|Any CPU.ActiveCfg = Release|Any CPU
		{39BD78FA-43B2-4C8B-88A9-C0A185CE378C}.Release|Any CPU.Build.0 = Release|Any CPU
	EndGlobalSection
	GlobalSection(SolutionProperties) = preSolution
		HideSolutionNode = FALSE
	EndGlobalSection
	GlobalSection(ExtensibilityGlobals) = postSolution
		SolutionGuid = {538C5F74-45D0-4ABA-B38C-B77344BBC838}
	EndGlobalSection
EndGlobal
